
Microsoft Visual Studio Solution File, Format Version 12.00
# Visual Studio 2012
Project("{FAE04EC0-301F-11D3-BF4B-00C04F79EFBC}") = "RuleOfFirewall", "RuleOfFirewall\RuleOfFirewall.csproj", "{763B97F0-FB38-4B62-82E3-2A5C02B6AF59}"
EndProject
Global
	GlobalSection(SolutionConfigurationPlatforms) = preSolution
		Debug|Any CPU = Debug|Any CPU
		Release|Any CPU = Release|Any CPU
	EndGlobalSection
	GlobalSection(ProjectConfigurationPlatforms) = postSolution
		{763B97F0-FB38-4B62-82E3-2A5C02B6AF59}.Debug|Any CPU.ActiveCfg = Debug|Any CPU
		{763B97F0-FB38-4B62-82E3-2A5C02B6AF59}.Debug|Any CPU.Build.0 = Debug|Any CPU
		{763B97F0-FB38-4B62-82E3-2A5C02B6AF59}.Release|Any CPU.ActiveCfg = Release|Any CPU
		{763B97F0-FB38-4B62-82E3-2A5C02B6AF59}.Release|Any CPU.Build.0 = Release|Any CPU
	EndGlobalSection
	GlobalSection(SolutionProperties) = preSolution
		HideSolutionNode = FALSE
	EndGlobalSection
EndGlobal
